
Microsoft Visual Studio Solution File, Format Version 12.00
# Visual Studio Version 16
VisualStudioVersion = 16.0.33214.272
MinimumVisualStudioVersion = 10.0.40219.1
Project("{FAE04EC0-301F-11D3-BF4B-00C04F79EFBC}") = "Mission_6_esiapes", "Mission_6_esiapes\Mission_6_esiapes.csproj", "{CCE66279-E43A-4861-933D-80361CC2504B}"
EndProject
Global
	GlobalSection(SolutionConfigurationPlatforms) = preSolution
		Debug|Any CPU = Debug|Any CPU
		Release|Any CPU = Release|Any CPU
	EndGlobalSection
	GlobalSection(ProjectConfigurationPlatforms) = postSolution
		{CCE66279-E43A-4861-933D-80361CC2504B}.Debug|Any CPU.ActiveCfg = Debug|Any CPU
		{CCE66279-E43A-4861-933D-80361CC2504B}.Debug|Any CPU.Build.0 = Debug|Any CPU
		{CCE66279-E43A-4861-933D-80361CC2504B}.Release|Any CPU.ActiveCfg = Release|Any CPU
		{CCE66279-E43A-4861-933D-80361CC2504B}.Release|Any CPU.Build.0 = Release|Any CPU
	EndGlobalSection
	GlobalSection(SolutionProperties) = preSolution
		HideSolutionNode = FALSE
	EndGlobalSection
	GlobalSection(ExtensibilityGlobals) = postSolution
		SolutionGuid = {AAB20F83-985A-438C-8C6E-9CCA62125EAC}
	EndGlobalSection
EndGlobal
